// !$*UTF8*$!
{
	archiveVersion = 1;
	classes = {
	};
	objectVersion = 46;
	objects = {

/* Begin PBXBuildFile section */
		0862BC2C666C7228D399828F /* Pods_Impression_Example.framework in Frameworks */ = {isa = PBXBuildFile; fileRef = B09591855E635E0C4D70BAEA /* Pods_Impression_Example.framework */; };
		5FD3C76221AE3AC800A70A19 /* LaunchScreen.strings in Resources */ = {isa = PBXBuildFile; fileRef = 5FD3C74221AE3AC800A70A19 /* LaunchScreen.strings */; };
		5FD3C76321AE3AC800A70A19 /* Main.strings in Resources */ = {isa = PBXBuildFile; fileRef = 5FD3C74421AE3AC800A70A19 /* Main.strings */; };
		5FD3C76421AE3AC800A70A19 /* ViewController.swift in Sources */ = {isa = PBXBuildFile; fileRef = 5FD3C74C21AE3AC800A70A19 /* ViewController.swift */; };
		5FD3C76521AE3AC800A70A19 /* LaunchScreen.xib in Resources */ = {isa = PBXBuildFile; fileRef = 5FD3C75321AE3AC800A70A19 /* LaunchScreen.xib */; };
		5FD3C76621AE3AC800A70A19 /* Main.storyboard in Resources */ = {isa = PBXBuildFile; fileRef = 5FD3C75521AE3AC800A70A19 /* Main.storyboard */; };
		5FD3C76721AE3AC800A70A19 /* Images.xcassets in Resources */ = {isa = PBXBuildFile; fileRef = 5FD3C75921AE3AC800A70A19 /* Images.xcassets */; };
		5FD3C76821AE3AC800A70A19 /* AppDelegate.swift in Sources */ = {isa = PBXBuildFile; fileRef = 5FD3C75E21AE3AC800A70A19 /* AppDelegate.swift */; };
		5FD3C76B21AE3BFA00A70A19 /* Impression.podspec in Resources */ = {isa = PBXBuildFile; fileRef = 5FD3C76A21AE3BFA00A70A19 /* Impression.podspec */; };
/* End PBXBuildFile section */

/* Begin PBXFileReference section */
		432377E16C816BD5FF2789B1 /* Pods-Impression_Example.release.xcconfig */ = {isa = PBXFileReference; includeInIndex = 1; lastKnownFileType = text.xcconfig; name = "Pods-Impression_Example.release.xcconfig"; path = "Target Support Files/Pods-Impression_Example/Pods-Impression_Example.release.xcconfig"; sourceTree = "<group>"; };
		4A33ABD23EB6D18FE72C35D2 /* Pods-Impression_Example.debug.xcconfig */ = {isa = PBXFileReference; includeInIndex = 1; lastKnownFileType = text.xcconfig; name = "Pods-Impression_Example.debug.xcconfig"; path = "Target Support Files/Pods-Impression_Example/Pods-Impression_Example.debug.xcconfig"; sourceTree = "<group>"; };
		5FD3C74321AE3AC800A70A19 /* de */ = {isa = PBXFileReference; lastKnownFileType = text.plist.strings; name = de; path = de.lproj/LaunchScreen.strings; sourceTree = "<group>"; };
		5FD3C74521AE3AC800A70A19 /* de */ = {isa = PBXFileReference; lastKnownFileType = text.plist.strings; name = de; path = de.lproj/Main.strings; sourceTree = "<group>"; };
		5FD3C74621AE3AC800A70A19 /* ar */ = {isa = PBXFileReference; lastKnownFileType = text.plist.strings; name = ar; path = ar.lproj/LaunchScreen.strings; sourceTree = "<group>"; };
		5FD3C74721AE3AC800A70A19 /* ar */ = {isa = PBXFileReference; lastKnownFileType = text.plist.strings; name = ar; path = ar.lproj/Main.strings; sourceTree = "<group>"; };
		5FD3C74821AE3AC800A70A19 /* zh-Hans */ = {isa = PBXFileReference; lastKnownFileType = text.plist.strings; name = "zh-Hans"; path = "zh-Hans.lproj/LaunchScreen.strings"; sourceTree = "<group>"; };
		5FD3C74921AE3AC800A70A19 /* zh-Hans */ = {isa = PBXFileReference; lastKnownFileType = text.plist.strings; name = "zh-Hans"; path = "zh-Hans.lproj/Main.strings"; sourceTree = "<group>"; };
		5FD3C74A21AE3AC800A70A19 /* ja */ = {isa = PBXFileReference; lastKnownFileType = text.plist.strings; name = ja; path = ja.lproj/LaunchScreen.strings; sourceTree = "<group>"; };
		5FD3C74B21AE3AC800A70A19 /* ja */ = {isa = PBXFileReference; lastKnownFileType = text.plist.strings; name = ja; path = ja.lproj/Main.strings; sourceTree = "<group>"; };
		5FD3C74C21AE3AC800A70A19 /* ViewController.swift */ = {isa = PBXFileReference; fileEncoding = 4; lastKnownFileType = sourcecode.swift; path = ViewController.swift; sourceTree = "<group>"; };
		5FD3C74D21AE3AC800A70A19 /* es */ = {isa = PBXFileReference; lastKnownFileType = text.plist.strings; name = es; path = es.lproj/LaunchScreen.strings; sourceTree = "<group>"; };
		5FD3C74E21AE3AC800A70A19 /* es */ = {isa = PBXFileReference; lastKnownFileType = text.plist.strings; name = es; path = es.lproj/Main.strings; sourceTree = "<group>"; };
		5FD3C74F21AE3AC800A70A19 /* it */ = {isa = PBXFileReference; lastKnownFileType = text.plist.strings; name = it; path = it.lproj/LaunchScreen.strings; sourceTree = "<group>"; };
		5FD3C75021AE3AC800A70A19 /* it */ = {isa = PBXFileReference; lastKnownFileType = text.plist.strings; name = it; path = it.lproj/Main.strings; sourceTree = "<group>"; };
		5FD3C75121AE3AC800A70A19 /* ko */ = {isa = PBXFileReference; lastKnownFileType = text.plist.strings; name = ko; path = ko.lproj/LaunchScreen.strings; sourceTree = "<group>"; };
		5FD3C75221AE3AC800A70A19 /* ko */ = {isa = PBXFileReference; lastKnownFileType = text.plist.strings; name = ko; path = ko.lproj/Main.strings; sourceTree = "<group>"; };
		5FD3C75421AE3AC800A70A19 /* Base */ = {isa = PBXFileReference; lastKnownFileType = file.xib; name = Base; path = Base.lproj/LaunchScreen.xib; sourceTree = "<group>"; };
		5FD3C75621AE3AC800A70A19 /* Base */ = {isa = PBXFileReference; lastKnownFileType = file.storyboard; name = Base; path = Base.lproj/Main.storyboard; sourceTree = "<group>"; };
		5FD3C75721AE3AC800A70A19 /* zh-Hant */ = {isa = PBXFileReference; lastKnownFileType = text.plist.strings; name = "zh-Hant"; path = "zh-Hant.lproj/LaunchScreen.strings"; sourceTree = "<group>"; };
		5FD3C75821AE3AC800A70A19 /* zh-Hant */ = {isa = PBXFileReference; lastKnownFileType = text.plist.strings; name = "zh-Hant"; path = "zh-Hant.lproj/Main.strings"; sourceTree = "<group>"; };
		5FD3C75921AE3AC800A70A19 /* Images.xcassets */ = {isa = PBXFileReference; lastKnownFileType = folder.assetcatalog; path = Images.xcassets; sourceTree = "<group>"; };
		5FD3C75A21AE3AC800A70A19 /* ru */ = {isa = PBXFileReference; lastKnownFileType = text.plist.strings; name = ru; path = ru.lproj/LaunchScreen.strings; sourceTree = "<group>"; };
		5FD3C75B21AE3AC800A70A19 /* ru */ = {isa = PBXFileReference; lastKnownFileType = text.plist.strings; name = ru; path = ru.lproj/Main.strings; sourceTree = "<group>"; };
		5FD3C75C21AE3AC800A70A19 /* fr */ = {isa = PBXFileReference; lastKnownFileType = text.plist.strings; name = fr; path = fr.lproj/LaunchScreen.strings; sourceTree = "<group>"; };
		5FD3C75D21AE3AC800A70A19 /* fr */ = {isa = PBXFileReference; lastKnownFileType = text.plist.strings; name = fr; path = fr.lproj/Main.strings; sourceTree = "<group>"; };
		5FD3C75E21AE3AC800A70A19 /* AppDelegate.swift */ = {isa = PBXFileReference; fileEncoding = 4; lastKnownFileType = sourcecode.swift; path = AppDelegate.swift; sourceTree = "<group>"; };
		5FD3C75F21AE3AC800A70A19 /* pt-PT */ = {isa = PBXFileReference; lastKnownFileType = text.plist.strings; name = "pt-PT"; path = "pt-PT.lproj/LaunchScreen.strings"; sourceTree = "<group>"; };
		5FD3C76021AE3AC800A70A19 /* pt-PT */ = {isa = PBXFileReference; lastKnownFileType = text.plist.strings; name = "pt-PT"; path = "pt-PT.lproj/Main.strings"; sourceTree = "<group>"; };
		5FD3C76A21AE3BFA00A70A19 /* Impression.podspec */ = {isa = PBXFileReference; fileEncoding = 4; lastKnownFileType = text; name = Impression.podspec; path = ../Impression.podspec; sourceTree = "<group>"; };
		607FACD01AFB9204008FA782 /* Impression_Example.app */ = {isa = PBXFileReference; explicitFileType = wrapper.application; includeInIndex = 0; path = Impression_Example.app; sourceTree = BUILT_PRODUCTS_DIR; };
		62F4A9859EF04B5CA78D44B1 /* LICENSE */ = {isa = PBXFileReference; includeInIndex = 1; lastKnownFileType = text; name = LICENSE; path = ../LICENSE; sourceTree = "<group>"; };
		B09591855E635E0C4D70BAEA /* Pods_Impression_Example.framework */ = {isa = PBXFileReference; explicitFileType = wrapper.framework; includeInIndex = 0; path = Pods_Impression_Example.framework; sourceTree = BUILT_PRODUCTS_DIR; };
		B7647EE1396078DC7C07130E /* README.md */ = {isa = PBXFileReference; includeInIndex = 1; lastKnownFileType = net.daringfireball.markdown; name = README.md; path = ../README.md; sourceTree = "<group>"; };
/* End PBXFileReference section */

/* Begin PBXFrameworksBuildPhase section */
		607FACCD1AFB9204008FA782 /* Frameworks */ = {
			isa = PBXFrameworksBuildPhase;
			buildActionMask = 2147483647;
			files = (
				0862BC2C666C7228D399828F /* Pods_Impression_Example.framework in Frameworks */,
			);
			runOnlyForDeploymentPostprocessing = 0;
		};
/* End PBXFrameworksBuildPhase section */

/* Begin PBXGroup section */
		48A81B21341AD8562E1EE168 /* Frameworks */ = {
			isa = PBXGroup;
			children = (
				B09591855E635E0C4D70BAEA /* Pods_Impression_Example.framework */,
			);
			name = Frameworks;
			sourceTree = "<group>";
		};
		5FD3C74121AE3AC800A70A19 /* Impression example */ = {
			isa = PBXGroup;
			children = (
				5FD3C74221AE3AC800A70A19 /* LaunchScreen.strings */,
				5FD3C74421AE3AC800A70A19 /* Main.strings */,
				5FD3C74C21AE3AC800A70A19 /* ViewController.swift */,
				5FD3C75321AE3AC800A70A19 /* LaunchScreen.xib */,
				5FD3C75521AE3AC800A70A19 /* Main.storyboard */,
				5FD3C75921AE3AC800A70A19 /* Images.xcassets */,
				5FD3C75E21AE3AC800A70A19 /* AppDelegate.swift */,
			);
			path = "Impression example";
			sourceTree = "<group>";
		};
		607FACC71AFB9204008FA782 = {
			isa = PBXGroup;
			children = (
				5FD3C74121AE3AC800A70A19 /* Impression example */,
				607FACF51AFB993E008FA782 /* Podspec Metadata */,
				607FACD11AFB9204008FA782 /* Products */,
				B1E8BB6E809A80EE1E8F888F /* Pods */,
				48A81B21341AD8562E1EE168 /* Frameworks */,
			);
			sourceTree = "<group>";
		};
		607FACD11AFB9204008FA782 /* Products */ = {
			isa = PBXGroup;
			children = (
				607FACD01AFB9204008FA782 /* Impression_Example.app */,
			);
			name = Products;
			sourceTree = "<group>";
		};
		607FACF51AFB993E008FA782 /* Podspec Metadata */ = {
			isa = PBXGroup;
			children = (
				5FD3C76A21AE3BFA00A70A19 /* Impression.podspec */,
				B7647EE1396078DC7C07130E /* README.md */,
				62F4A9859EF04B5CA78D44B1 /* LICENSE */,
			);
			name = "Podspec Metadata";
			sourceTree = "<group>";
		};
		B1E8BB6E809A80EE1E8F888F /* Pods */ = {
			isa = PBXGroup;
			children = (
				4A33ABD23EB6D18FE72C35D2 /* Pods-Impression_Example.debug.xcconfig */,
				432377E16C816BD5FF2789B1 /* Pods-Impression_Example.release.xcconfig */,
			);
			path = Pods;
			sourceTree = "<group>";
		};
/* End PBXGroup section */

/* Begin PBXNativeTarget section */
		607FACCF1AFB9204008FA782 /* Impression_Example */ = {
			isa = PBXNativeTarget;
			buildConfigurationList = 607FACEF1AFB9204008FA782 /* Build configuration list for PBXNativeTarget "Impression_Example" */;
			buildPhases = (
				7021E0C5CB972EFADA1CC254 /* [CP] Check Pods Manifest.lock */,
				607FACCC1AFB9204008FA782 /* Sources */,
				607FACCD1AFB9204008FA782 /* Frameworks */,
				607FACCE1AFB9204008FA782 /* Resources */,
				96965FAEF33D7DCD14A5E2C4 /* [CP] Embed Pods Frameworks */,
			);
			buildRules = (
			);
			dependencies = (
			);
			name = Impression_Example;
			productName = Chameleon;
			productReference = 607FACD01AFB9204008FA782 /* Impression_Example.app */;
			productType = "com.apple.product-type.application";
		};
/* End PBXNativeTarget section */

/* Begin PBXProject section */
		607FACC81AFB9204008FA782 /* Project object */ = {
			isa = PBXProject;
			attributes = {
				LastSwiftUpdateCheck = 0830;
				LastUpgradeCheck = 1010;
				ORGANIZATIONNAME = CocoaPods;
				TargetAttributes = {
					607FACCF1AFB9204008FA782 = {
						CreatedOnToolsVersion = 6.3.1;
						DevelopmentTeam = 3V26Q55U3S;
						LastSwiftMigration = 0900;
					};
				};
			};
			buildConfigurationList = 607FACCB1AFB9204008FA782 /* Build configuration list for PBXProject "Impression" */;
			compatibilityVersion = "Xcode 3.2";
			developmentRegion = en;
			hasScannedForEncodings = 0;
			knownRegions = (
				en,
				Base,
				de,
				ar,
				"zh-Hans",
				ja,
				es,
				it,
				ko,
				"zh-Hant",
				ru,
				fr,
				"pt-PT",
			);
			mainGroup = 607FACC71AFB9204008FA782;
			productRefGroup = 607FACD11AFB9204008FA782 /* Products */;
			projectDirPath = "";
			projectRoot = "";
			targets = (
				607FACCF1AFB9204008FA782 /* Impression_Example */,
			);
		};
/* End PBXProject section */

/* Begin PBXResourcesBuildPhase section */
		607FACCE1AFB9204008FA782 /* Resources */ = {
			isa = PBXResourcesBuildPhase;
			buildActionMask = 2147483647;
			files = (
				5FD3C76621AE3AC800A70A19 /* Main.storyboard in Resources */,
				5FD3C76721AE3AC800A70A19 /* Images.xcassets in Resources */,
				5FD3C76221AE3AC800A70A19 /* LaunchScreen.strings in Resources */,
				5FD3C76521AE3AC800A70A19 /* LaunchScreen.xib in Resources */,
				5FD3C76321AE3AC800A70A19 /* Main.strings in Resources */,
				5FD3C76B21AE3BFA00A70A19 /* Impression.podspec in Resources */,
			);
			runOnlyForDeploymentPostprocessing = 0;
		};
/* End PBXResourcesBuildPhase section */

/* Begin PBXShellScriptBuildPhase section */
		7021E0C5CB972EFADA1CC254 /* [CP] Check Pods Manifest.lock */ = {
			isa = PBXShellScriptBuildPhase;
			buildActionMask = 2147483647;
			files = (
			);
			inputFileListPaths = (
			);
			inputPaths = (
				"${PODS_PODFILE_DIR_PATH}/Podfile.lock",
				"${PODS_ROOT}/Manifest.lock",
			);
			name = "[CP] Check Pods Manifest.lock";
			outputFileListPaths = (
			);
			outputPaths = (
				"$(DERIVED_FILE_DIR)/Pods-Impression_Example-checkManifestLockResult.txt",
			);
			runOnlyForDeploymentPostprocessing = 0;
			shellPath = /bin/sh;
			shellScript = "diff \"${PODS_PODFILE_DIR_PATH}/Podfile.lock\" \"${PODS_ROOT}/Manifest.lock\" > /dev/null\nif [ $? != 0 ] ; then\n    # print error to STDERR\n    echo \"error: The sandbox is not in sync with the Podfile.lock. Run 'pod install' or update your CocoaPods installation.\" >&2\n    exit 1\nfi\n# This output is used by Xcode 'outputs' to avoid re-running this script phase.\necho \"SUCCESS\" > \"${SCRIPT_OUTPUT_FILE_0}\"\n";
			showEnvVarsInLog = 0;
		};
		96965FAEF33D7DCD14A5E2C4 /* [CP] Embed Pods Frameworks */ = {
			isa = PBXShellScriptBuildPhase;
			buildActionMask = 2147483647;
			files = (
			);
			inputPaths = (
				"${PODS_ROOT}/Target Support Files/Pods-Impression_Example/Pods-Impression_Example-frameworks.sh",
				"${BUILT_PRODUCTS_DIR}/Impression/Impression.framework",
			);
			name = "[CP] Embed Pods Frameworks";
			outputPaths = (
				"${TARGET_BUILD_DIR}/${FRAMEWORKS_FOLDER_PATH}/Impression.framework",
			);
			runOnlyForDeploymentPostprocessing = 0;
			shellPath = /bin/sh;
			shellScript = "\"${PODS_ROOT}/Target Support Files/Pods-Impression_Example/Pods-Impression_Example-frameworks.sh\"\n";
			showEnvVarsInLog = 0;
		};
/* End PBXShellScriptBuildPhase section */

/* Begin PBXSourcesBuildPhase section */
		607FACCC1AFB9204008FA782 /* Sources */ = {
			isa = PBXSourcesBuildPhase;
			buildActionMask = 2147483647;
			files = (
				5FD3C76821AE3AC800A70A19 /* AppDelegate.swift in Sources */,
				5FD3C76421AE3AC800A70A19 /* ViewController.swift in Sources */,
			);
			runOnlyForDeploymentPostprocessing = 0;
		};
/* End PBXSourcesBuildPhase section */

/* Begin PBXVariantGroup section */
		5FD3C74221AE3AC800A70A19 /* LaunchScreen.strings */ = {
			isa = PBXVariantGroup;
			children = (
				5FD3C74321AE3AC800A70A19 /* de */,
				5FD3C74621AE3AC800A70A19 /* ar */,
				5FD3C74821AE3AC800A70A19 /* zh-Hans */,
				5FD3C74A21AE3AC800A70A19 /* ja */,
				5FD3C74D21AE3AC800A70A19 /* es */,
				5FD3C74F21AE3AC800A70A19 /* it */,
				5FD3C75121AE3AC800A70A19 /* ko */,
				5FD3C75721AE3AC800A70A19 /* zh-Hant */,
				5FD3C75A21AE3AC800A70A19 /* ru */,
				5FD3C75C21AE3AC800A70A19 /* fr */,
				5FD3C75F21AE3AC800A70A19 /* pt-PT */,
			);
			name = LaunchScreen.strings;
			sourceTree = "<group>";
		};
		5FD3C74421AE3AC800A70A19 /* Main.strings */ = {
			isa = PBXVariantGroup;
			children = (
				5FD3C74521AE3AC800A70A19 /* de */,
				5FD3C74721AE3AC800A70A19 /* ar */,
				5FD3C74921AE3AC800A70A19 /* zh-Hans */,
				5FD3C74B21AE3AC800A70A19 /* ja */,
				5FD3C74E21AE3AC800A70A19 /* es */,
				5FD3C75021AE3AC800A70A19 /* it */,
				5FD3C75221AE3AC800A70A19 /* ko */,
				5FD3C75821AE3AC800A70A19 /* zh-Hant */,
				5FD3C75B21AE3AC800A70A19 /* ru */,
				5FD3C75D21AE3AC800A70A19 /* fr */,
				5FD3C76021AE3AC800A70A19 /* pt-PT */,
			);
			name = Main.strings;
			sourceTree = "<group>";
		};
		5FD3C75321AE3AC800A70A19 /* LaunchScreen.xib */ = {
			isa = PBXVariantGroup;
			children = (
				5FD3C75421AE3AC800A70A19 /* Base */,
			);
			name = LaunchScreen.xib;
			sourceTree = "<group>";
		};
		5FD3C75521AE3AC800A70A19 /* Main.storyboard */ = {
			isa = PBXVariantGroup;
			children = (
				5FD3C75621AE3AC800A70A19 /* Base */,
			);
			name = Main.storyboard;
			sourceTree = "<group>";
		};
/* End PBXVariantGroup section */

/* Begin XCBuildConfiguration section */
		607FACED1AFB9204008FA782 /* Debug */ = {
			isa = XCBuildConfiguration;
			buildSettings = {
				ALWAYS_SEARCH_USER_PATHS = NO;
				CLANG_ANALYZER_LOCALIZABILITY_NONLOCALIZED = YES;
				CLANG_CXX_LANGUAGE_STANDARD = "gnu++0x";
				CLANG_CXX_LIBRARY = "libc++";
				CLANG_ENABLE_MODULES = YES;
				CLANG_ENABLE_OBJC_ARC = YES;
				CLANG_WARN_BLOCK_CAPTURE_AUTORELEASING = YES;
				CLANG_WARN_BOOL_CONVERSION = YES;
				CLANG_WARN_COMMA = YES;
				CLANG_WARN_CONSTANT_CONVERSION = YES;
				CLANG_WARN_DEPRECATED_OBJC_IMPLEMENTATIONS = YES;
				CLANG_WARN_DIRECT_OBJC_ISA_USAGE = YES_ERROR;
				CLANG_WARN_EMPTY_BODY = YES;
				CLANG_WARN_ENUM_CONVERSION = YES;
				CLANG_WARN_INFINITE_RECURSION = YES;
				CLANG_WARN_INT_CONVERSION = YES;
				CLANG_WARN_NON_LITERAL_NULL_CONVERSION = YES;
				CLANG_WARN_OBJC_IMPLICIT_RETAIN_SELF = YES;
				CLANG_WARN_OBJC_LITERAL_CONVERSION = YES;
				CLANG_WARN_OBJC_ROOT_CLASS = YES_ERROR;
				CLANG_WARN_RANGE_LOOP_ANALYSIS = YES;
				CLANG_WARN_STRICT_PROTOTYPES = YES;
				CLANG_WARN_SUSPICIOUS_MOVE = YES;
				CLANG_WARN_UNREACHABLE_CODE = YES;
				CLANG_WARN__DUPLICATE_METHOD_MATCH = YES;
				"CODE_SIGN_IDENTITY[sdk=iphoneos*]" = "iPhone Developer";
				COPY_PHASE_STRIP = NO;
				DEBUG_INFORMATION_FORMAT = "dwarf-with-dsym";
				ENABLE_STRICT_OBJC_MSGSEND = YES;
				ENABLE_TESTABILITY = YES;
				GCC_C_LANGUAGE_STANDARD = gnu99;
				GCC_DYNAMIC_NO_PIC = NO;
				GCC_NO_COMMON_BLOCKS = YES;
				GCC_OPTIMIZATION_LEVEL = 0;
				GCC_PREPROCESSOR_DEFINITIONS = (
					"DEBUG=1",
					"$(inherited)",
				);
				GCC_SYMBOLS_PRIVATE_EXTERN = NO;
				GCC_WARN_64_TO_32_BIT_CONVERSION = YES;
				GCC_WARN_ABOUT_RETURN_TYPE = YES_ERROR;
				GCC_WARN_UNDECLARED_SELECTOR = YES;
				GCC_WARN_UNINITIALIZED_AUTOS = YES_AGGRESSIVE;
				GCC_WARN_UNUSED_FUNCTION = YES;
				GCC_WARN_UNUSED_VARIABLE = YES;
				IPHONEOS_DEPLOYMENT_TARGET = 11.0;
				MTL_ENABLE_DEBUG_INFO = YES;
				ONLY_ACTIVE_ARCH = YES;
				SDKROOT = iphoneos;
				SWIFT_OPTIMIZATION_LEVEL = "-Onone";
				SWIFT_VERSION = 4.2;
			};
			name = Debug;
		};
		607FACEE1AFB9204008FA782 /* Release */ = {
			isa = XCBuildConfiguration;
			buildSettings = {
				ALWAYS_SEARCH_USER_PATHS = NO;
				CLANG_ANALYZER_LOCALIZABILITY_NONLOCALIZED = YES;
				CLANG_CXX_LANGUAGE_STANDARD = "gnu++0x";
				CLANG_CXX_LIBRARY = "libc++";
				CLANG_ENABLE_MODULES = YES;
				CLANG_ENABLE_OBJC_ARC = YES;
				CLANG_WARN_BLOCK_CAPTURE_AUTORELEASING = YES;
				CLANG_WARN_BOOL_CONVERSION = YES;
				CLANG_WARN_COMMA = YES;
				CLANG_WARN_CONSTANT_CONVERSION = YES;
				CLANG_WARN_DEPRECATED_OBJC_IMPLEMENTATIONS = YES;
				CLANG_WARN_DIRECT_OBJC_ISA_USAGE = YES_ERROR;
				CLANG_WARN_EMPTY_BODY = YES;
				CLANG_WARN_ENUM_CONVERSION = YES;
				CLANG_WARN_INFINITE_RECURSION = YES;
				CLANG_WARN_INT_CONVERSION = YES;
				CLANG_WARN_NON_LITERAL_NULL_CONVERSION = YES;
				CLANG_WARN_OBJC_IMPLICIT_RETAIN_SELF = YES;
				CLANG_WARN_OBJC_LITERAL_CONVERSION = YES;
				CLANG_WARN_OBJC_ROOT_CLASS = YES_ERROR;
				CLANG_WARN_RANGE_LOOP_ANALYSIS = YES;
				CLANG_WARN_STRICT_PROTOTYPES = YES;
				CLANG_WARN_SUSPICIOUS_MOVE = YES;
				CLANG_WARN_UNREACHABLE_CODE = YES;
				CLANG_WARN__DUPLICATE_METHOD_MATCH = YES;
				"CODE_SIGN_IDENTITY[sdk=iphoneos*]" = "iPhone Developer";
				COPY_PHASE_STRIP = NO;
				DEBUG_INFORMATION_FORMAT = "dwarf-with-dsym";
				ENABLE_NS_ASSERTIONS = NO;
				ENABLE_STRICT_OBJC_MSGSEND = YES;
				GCC_C_LANGUAGE_STANDARD = gnu99;
				GCC_NO_COMMON_BLOCKS = YES;
				GCC_WARN_64_TO_32_BIT_CONVERSION = YES;
				GCC_WARN_ABOUT_RETURN_TYPE = YES_ERROR;
				GCC_WARN_UNDECLARED_SELECTOR = YES;
				GCC_WARN_UNINITIALIZED_AUTOS = YES_AGGRESSIVE;
				GCC_WARN_UNUSED_FUNCTION = YES;
				GCC_WARN_UNUSED_VARIABLE = YES;
				IPHONEOS_DEPLOYMENT_TARGET = 11.0;
				MTL_ENABLE_DEBUG_INFO = NO;
				SDKROOT = iphoneos;
				SWIFT_OPTIMIZATION_LEVEL = "-Owholemodule";
				SWIFT_VERSION = 4.2;
				VALIDATE_PRODUCT = YES;
			};
			name = Release;
		};
		607FACF01AFB9204008FA782 /* Debug */ = {
			isa = XCBuildConfiguration;
			baseConfigurationReference = 4A33ABD23EB6D18FE72C35D2 /* Pods-Impression_Example.debug.xcconfig */;
			buildSettings = {
				ASSETCATALOG_COMPILER_APPICON_NAME = AppIcon;
				DEVELOPMENT_TEAM = 3V26Q55U3S;
				INFOPLIST_FILE = "$(SRCROOT)/Impression example/Info.plist";
				LD_RUNPATH_SEARCH_PATHS = "$(inherited) @executable_path/Frameworks";
				MODULE_NAME = ExampleApp;
				PRODUCT_BUNDLE_IDENTIFIER = "org.cocoapods.demo.$(PRODUCT_NAME:rfc1034identifier)";
				PRODUCT_NAME = "$(TARGET_NAME)";
				SWIFT_SWIFT3_OBJC_INFERENCE = Default;
				SWIFT_VERSION = 5.0;
				TARGETED_DEVICE_FAMILY = "1,2";
			};
			name = Debug;
		};
		607FACF11AFB9204008FA782 /* Release */ = {
			isa = XCBuildConfiguration;
			baseConfigurationReference = 432377E16C816BD5FF2789B1 /* Pods-Impression_Example.release.xcconfig */;
			buildSettings = {
				ASSETCATALOG_COMPILER_APPICON_NAME = AppIcon;
				DEVELOPMENT_TEAM = 3V26Q55U3S;
				INFOPLIST_FILE = "$(SRCROOT)/Impression example/Info.plist";
				LD_RUNPATH_SEARCH_PATHS = "$(inherited) @executable_path/Frameworks";
				MODULE_NAME = ExampleApp;
				PRODUCT_BUNDLE_IDENTIFIER = "org.cocoapods.demo.$(PRODUCT_NAME:rfc1034identifier)";
				PRODUCT_NAME = "$(TARGET_NAME)";
				SWIFT_SWIFT3_OBJC_INFERENCE = Default;
				SWIFT_VERSION = 5.0;
				TARGETED_DEVICE_FAMILY = "1,2";
			};
			name = Release;
		};
/* End XCBuildConfiguration section */

/* Begin XCConfigurationList section */
		607FACCB1AFB9204008FA782 /* Build configuration list for PBXProject "Impression" */ = {
			isa = XCConfigurationList;
			buildConfigurations = (
				607FACED1AFB9204008FA782 /* Debug */,
				607FACEE1AFB9204008FA782 /* Release */,
			);
			defaultConfigurationIsVisible = 0;
			defaultConfigurationName = Release;
		};
		607FACEF1AFB9204008FA782 /* Build configuration list for PBXNativeTarget "Impression_Example" */ = {
			isa = XCConfigurationList;
			buildConfigurations = (
				607FACF01AFB9204008FA782 /* Debug */,
				607FACF11AFB9204008FA782 /* Release */,
			);
			defaultConfigurationIsVisible = 0;
			defaultConfigurationName = Release;
		};
/* End XCConfigurationList section */
	};
	rootObject = 607FACC81AFB9204008FA782 /* Project object */;
}
